// !$*UTF8*$!
{
	archiveVersion = 1;
	classes = {
	};
	objectVersion = 46;
	objects = {

/* Begin PBXBuildFile section */
		01EE4D2E17A6D0D60088280E /* Foundation.framework in Frameworks */ = {isa = PBXBuildFile; fileRef = 01EE4D2D17A6D0D60088280E /* Foundation.framework */; };
		01EE4D3017A6D0D60088280E /* CoreGraphics.framework in Frameworks */ = {isa = PBXBuildFile; fileRef = 01EE4D2F17A6D0D60088280E /* CoreGraphics.framework */; };
		01EE4D3217A6D0D60088280E /* UIKit.framework in Frameworks */ = {isa = PBXBuildFile; fileRef = 01EE4D3117A6D0D60088280E /* UIKit.framework */; };
		01EE4D3817A6D0D60088280E /* InfoPlist.strings in Resources */ = {isa = PBXBuildFile; fileRef = 01EE4D3617A6D0D60088280E /* InfoPlist.strings */; };
		01EE4D3A17A6D0D60088280E /* main.m in Sources */ = {isa = PBXBuildFile; fileRef = 01EE4D3917A6D0D60088280E /* main.m */; };
		01EE4D3E17A6D0D60088280E /* AppDelegate.m in Sources */ = {isa = PBXBuildFile; fileRef = 01EE4D3D17A6D0D60088280E /* AppDelegate.m */; };
		01EE4D4117A6D0D60088280E /* Main.storyboard in Resources */ = {isa = PBXBuildFile; fileRef = 01EE4D3F17A6D0D60088280E /* Main.storyboard */; };
		01EE4D4417A6D0D60088280E /* ViewController.m in Sources */ = {isa = PBXBuildFile; fileRef = 01EE4D4317A6D0D60088280E /* ViewController.m */; };
		01EE4D4617A6D0D60088280E /* Images.xcassets in Resources */ = {isa = PBXBuildFile; fileRef = 01EE4D4517A6D0D60088280E /* Images.xcassets */; };
		01EE4D4D17A6D0D60088280E /* XCTest.framework in Frameworks */ = {isa = PBXBuildFile; fileRef = 01EE4D4C17A6D0D60088280E /* XCTest.framework */; };
		01EE4D4E17A6D0D60088280E /* Foundation.framework in Frameworks */ = {isa = PBXBuildFile; fileRef = 01EE4D2D17A6D0D60088280E /* Foundation.framework */; };
		01EE4D4F17A6D0D60088280E /* UIKit.framework in Frameworks */ = {isa = PBXBuildFile; fileRef = 01EE4D3117A6D0D60088280E /* UIKit.framework */; };
		01EE4D5717A6D0D60088280E /* InfoPlist.strings in Resources */ = {isa = PBXBuildFile; fileRef = 01EE4D5517A6D0D60088280E /* InfoPlist.strings */; };
		01EE4D5917A6D0D60088280E /* segmentControlDemoTests.m in Sources */ = {isa = PBXBuildFile; fileRef = 01EE4D5817A6D0D60088280E /* segmentControlDemoTests.m */; };
/* End PBXBuildFile section */

/* Begin PBXContainerItemProxy section */
		01EE4D5017A6D0D60088280E /* PBXContainerItemProxy */ = {
			isa = PBXContainerItemProxy;
			containerPortal = 01EE4D2217A6D0D60088280E /* Project object */;
			proxyType = 1;
			remoteGlobalIDString = 01EE4D2917A6D0D60088280E;
			remoteInfo = segmentControlDemo;
		};
/* End PBXContainerItemProxy section */

/* Begin PBXFileReference section */
		01EE4D2A17A6D0D60088280E /* segmentControlDemo.app */ = {isa = PBXFileReference; explicitFileType = wrapper.application; includeInIndex = 0; path = segmentControlDemo.app; sourceTree = BUILT_PRODUCTS_DIR; };
		01EE4D2D17A6D0D60088280E /* Foundation.framework */ = {isa = PBXFileReference; lastKnownFileType = wrapper.framework; name = Foundation.framework; path = System/Library/Frameworks/Foundation.framework; sourceTree = SDKROOT; };
		01EE4D2F17A6D0D60088280E /* CoreGraphics.framework */ = {isa = PBXFileReference; lastKnownFileType = wrapper.framework; name = CoreGraphics.framework; path = System/Library/Frameworks/CoreGraphics.framework; sourceTree = SDKROOT; };
		01EE4D3117A6D0D60088280E /* UIKit.framework */ = {isa = PBXFileReference; lastKnownFileType = wrapper.framework; name = UIKit.framework; path = System/Library/Frameworks/UIKit.framework; sourceTree = SDKROOT; };
		01EE4D3517A6D0D60088280E /* segmentControlDemo-Info.plist */ = {isa = PBXFileReference; lastKnownFileType = text.plist.xml; path = "segmentControlDemo-Info.plist"; sourceTree = "<group>"; };
		01EE4D3717A6D0D60088280E /* en */ = {isa = PBXFileReference; lastKnownFileType = text.plist.strings; name = en; path = en.lproj/InfoPlist.strings; sourceTree = "<group>"; };
		01EE4D3917A6D0D60088280E /* main.m */ = {isa = PBXFileReference; lastKnownFileType = sourcecode.c.objc; path = main.m; sourceTree = "<group>"; };
		01EE4D3B17A6D0D60088280E /* segmentControlDemo-Prefix.pch */ = {isa = PBXFileReference; lastKnownFileType = sourcecode.c.h; path = "segmentControlDemo-Prefix.pch"; sourceTree = "<group>"; };
		01EE4D3C17A6D0D60088280E /* AppDelegate.h */ = {isa = PBXFileReference; lastKnownFileType = sourcecode.c.h; path = AppDelegate.h; sourceTree = "<group>"; };
		01EE4D3D17A6D0D60088280E /* AppDelegate.m */ = {isa = PBXFileReference; lastKnownFileType = sourcecode.c.objc; path = AppDelegate.m; sourceTree = "<group>"; };
		01EE4D4017A6D0D60088280E /* Base */ = {isa = PBXFileReference; lastKnownFileType = file.storyboard; name = Base; path = Base.lproj/Main.storyboard; sourceTree = "<group>"; };
		01EE4D4217A6D0D60088280E /* ViewController.h */ = {isa = PBXFileReference; lastKnownFileType = sourcecode.c.h; path = ViewController.h; sourceTree = "<group>"; };
		01EE4D4317A6D0D60088280E /* ViewController.m */ = {isa = PBXFileReference; lastKnownFileType = sourcecode.c.objc; path = ViewController.m; sourceTree = "<group>"; };
		01EE4D4517A6D0D60088280E /* Images.xcassets */ = {isa = PBXFileReference; lastKnownFileType = folder.assetcatalog; path = Images.xcassets; sourceTree = "<group>"; };
		01EE4D4B17A6D0D60088280E /* segmentControlDemoTests.xctest */ = {isa = PBXFileReference; explicitFileType = wrapper.cfbundle; includeInIndex = 0; path = segmentControlDemoTests.xctest; sourceTree = BUILT_PRODUCTS_DIR; };
		01EE4D4C17A6D0D60088280E /* XCTest.framework */ = {isa = PBXFileReference; lastKnownFileType = wrapper.framework; name = XCTest.framework; path = Library/Frameworks/XCTest.framework; sourceTree = DEVELOPER_DIR; };
		01EE4D5417A6D0D60088280E /* segmentControlDemoTests-Info.plist */ = {isa = PBXFileReference; lastKnownFileType = text.plist.xml; path = "segmentControlDemoTests-Info.plist"; sourceTree = "<group>"; };
		01EE4D5617A6D0D60088280E /* en */ = {isa = PBXFileReference; lastKnownFileType = text.plist.strings; name = en; path = en.lproj/InfoPlist.strings; sourceTree = "<group>"; };
		01EE4D5817A6D0D60088280E /* segmentControlDemoTests.m */ = {isa = PBXFileReference; lastKnownFileType = sourcecode.c.objc; path = segmentControlDemoTests.m; sourceTree = "<group>"; };
/* End PBXFileReference section */

/* Begin PBXFrameworksBuildPhase section */
		01EE4D2717A6D0D60088280E /* Frameworks */ = {
			isa = PBXFrameworksBuildPhase;
			buildActionMask = 2147483647;
			files = (
				01EE4D3017A6D0D60088280E /* CoreGraphics.framework in Frameworks */,
				01EE4D3217A6D0D60088280E /* UIKit.framework in Frameworks */,
				01EE4D2E17A6D0D60088280E /* Foundation.framework in Frameworks */,
			);
			runOnlyForDeploymentPostprocessing = 0;
		};
		01EE4D4817A6D0D60088280E /* Frameworks */ = {
			isa = PBXFrameworksBuildPhase;
			buildActionMask = 2147483647;
			files = (
				01EE4D4D17A6D0D60088280E /* XCTest.framework in Frameworks */,
				01EE4D4F17A6D0D60088280E /* UIKit.framework in Frameworks */,
				01EE4D4E17A6D0D60088280E /* Foundation.framework in Frameworks */,
			);
			runOnlyForDeploymentPostprocessing = 0;
		};
/* End PBXFrameworksBuildPhase section */

/* Begin PBXGroup section */
		01EE4D2117A6D0D60088280E = {
			isa = PBXGroup;
			children = (
				01EE4D3317A6D0D60088280E /* segmentControlDemo */,
				01EE4D5217A6D0D60088280E /* segmentControlDemoTests */,
				01EE4D2C17A6D0D60088280E /* Frameworks */,
				01EE4D2B17A6D0D60088280E /* Products */,
			);
			sourceTree = "<group>";
		};
		01EE4D2B17A6D0D60088280E /* Products */ = {
			isa = PBXGroup;
			children = (
				01EE4D2A17A6D0D60088280E /* segmentControlDemo.app */,
				01EE4D4B17A6D0D60088280E /* segmentControlDemoTests.xctest */,
			);
			name = Products;
			sourceTree = "<group>";
		};
		01EE4D2C17A6D0D60088280E /* Frameworks */ = {
			isa = PBXGroup;
			children = (
				01EE4D2D17A6D0D60088280E /* Foundation.framework */,
				01EE4D2F17A6D0D60088280E /* CoreGraphics.framework */,
				01EE4D3117A6D0D60088280E /* UIKit.framework */,
				01EE4D4C17A6D0D60088280E /* XCTest.framework */,
			);
			name = Frameworks;
			sourceTree = "<group>";
		};
		01EE4D3317A6D0D60088280E /* segmentControlDemo */ = {
			isa = PBXGroup;
			children = (
				01EE4D3C17A6D0D60088280E /* AppDelegate.h */,
				01EE4D3D17A6D0D60088280E /* AppDelegate.m */,
				01EE4D3F17A6D0D60088280E /* Main.storyboard */,
				01EE4D4217A6D0D60088280E /* ViewController.h */,
				01EE4D4317A6D0D60088280E /* ViewController.m */,
				01EE4D4517A6D0D60088280E /* Images.xcassets */,
				01EE4D3417A6D0D60088280E /* Supporting Files */,
			);
			path = segmentControlDemo;
			sourceTree = "<group>";
		};
		01EE4D3417A6D0D60088280E /* Supporting Files */ = {
			isa = PBXGroup;
			children = (
				01EE4D3517A6D0D60088280E /* segmentControlDemo-Info.plist */,
				01EE4D3617A6D0D60088280E /* InfoPlist.strings */,
				01EE4D3917A6D0D60088280E /* main.m */,
				01EE4D3B17A6D0D60088280E /* segmentControlDemo-Prefix.pch */,
			);
			name = "Supporting Files";
			sourceTree = "<group>";
		};
		01EE4D5217A6D0D60088280E /* segmentControlDemoTests */ = {
			isa = PBXGroup;
			children = (
				01EE4D5817A6D0D60088280E /* segmentControlDemoTests.m */,
				01EE4D5317A6D0D60088280E /* Supporting Files */,
			);
			path = segmentControlDemoTests;
			sourceTree = "<group>";
		};
		01EE4D5317A6D0D60088280E /* Supporting Files */ = {
			isa = PBXGroup;
			children = (
				01EE4D5417A6D0D60088280E /* segmentControlDemoTests-Info.plist */,
				01EE4D5517A6D0D60088280E /* InfoPlist.strings */,
			);
			name = "Supporting Files";
			sourceTree = "<group>";
		};
/* End PBXGroup section */

/* Begin PBXNativeTarget section */
		01EE4D2917A6D0D60088280E /* segmentControlDemo */ = {
			isa = PBXNativeTarget;
			buildConfigurationList = 01EE4D5C17A6D0D60088280E /* Build configuration list for PBXNativeTarget "segmentControlDemo" */;
			buildPhases = (
				01EE4D2617A6D0D60088280E /* Sources */,
				01EE4D2717A6D0D60088280E /* Frameworks */,
				01EE4D2817A6D0D60088280E /* Resources */,
			);
			buildRules = (
			);
			dependencies = (
			);
			name = segmentControlDemo;
			productName = segmentControlDemo;
			productReference = 01EE4D2A17A6D0D60088280E /* segmentControlDemo.app */;
			productType = "com.apple.product-type.application";
		};
		01EE4D4A17A6D0D60088280E /* segmentControlDemoTests */ = {
			isa = PBXNativeTarget;
			buildConfigurationList = 01EE4D5F17A6D0D60088280E /* Build configuration list for PBXNativeTarget "segmentControlDemoTests" */;
			buildPhases = (
				01EE4D4717A6D0D60088280E /* Sources */,
				01EE4D4817A6D0D60088280E /* Frameworks */,
				01EE4D4917A6D0D60088280E /* Resources */,
			);
			buildRules = (
			);
			dependencies = (
				01EE4D5117A6D0D60088280E /* PBXTargetDependency */,
			);
			name = segmentControlDemoTests;
			productName = segmentControlDemoTests;
			productReference = 01EE4D4B17A6D0D60088280E /* segmentControlDemoTests.xctest */;
			productType = "com.apple.product-type.bundle.unit-test";
		};
/* End PBXNativeTarget section */

/* Begin PBXProject section */
		01EE4D2217A6D0D60088280E /* Project object */ = {
			isa = PBXProject;
			attributes = {
				LastUpgradeCheck = 0500;
				ORGANIZATIONNAME = "Laurence Moroney";
				TargetAttributes = {
					01EE4D4A17A6D0D60088280E = {
						TestTargetID = 01EE4D2917A6D0D60088280E;
					};
				};
			};
			buildConfigurationList = 01EE4D2517A6D0D60088280E /* Build configuration list for PBXProject "segmentControlDemo" */;
			compatibilityVersion = "Xcode 3.2";
			developmentRegion = English;
			hasScannedForEncodings = 0;
			knownRegions = (
				en,
				Base,
			);
			mainGroup = 01EE4D2117A6D0D60088280E;
			productRefGroup = 01EE4D2B17A6D0D60088280E /* Products */;
			projectDirPath = "";
			projectRoot = "";
			targets = (
				01EE4D2917A6D0D60088280E /* segmentControlDemo */,
				01EE4D4A17A6D0D60088280E /* segmentControlDemoTests */,
			);
		};
/* End PBXProject section */

/* Begin PBXResourcesBuildPhase section */
		01EE4D2817A6D0D60088280E /* Resources */ = {
			isa = PBXResourcesBuildPhase;
			buildActionMask = 2147483647;
			files = (
				01EE4D4617A6D0D60088280E /* Images.xcassets in Resources */,
				01EE4D3817A6D0D60088280E /* InfoPlist.strings in Resources */,
				01EE4D4117A6D0D60088280E /* Main.storyboard in Resources */,
			);
			runOnlyForDeploymentPostprocessing = 0;
		};
		01EE4D4917A6D0D60088280E /* Resources */ = {
			isa = PBXResourcesBuildPhase;
			buildActionMask = 2147483647;
			files = (
				01EE4D5717A6D0D60088280E /* InfoPlist.strings in Resources */,
			);
			runOnlyForDeploymentPostprocessing = 0;
		};
/* End PBXResourcesBuildPhase section */

/* Begin PBXSourcesBuildPhase section */
		01EE4D2617A6D0D60088280E /* Sources */ = {
			isa = PBXSourcesBuildPhase;
			buildActionMask = 2147483647;
			files = (
				01EE4D4417A6D0D60088280E /* ViewController.m in Sources */,
				01EE4D3E17A6D0D60088280E /* AppDelegate.m in Sources */,
				01EE4D3A17A6D0D60088280E /* main.m in Sources */,
			);
			runOnlyForDeploymentPostprocessing = 0;
		};
		01EE4D4717A6D0D60088280E /* Sources */ = {
			isa = PBXSourcesBuildPhase;
			buildActionMask = 2147483647;
			files = (
				01EE4D5917A6D0D60088280E /* segmentControlDemoTests.m in Sources */,
			);
			runOnlyForDeploymentPostprocessing = 0;
		};
/* End PBXSourcesBuildPhase section */

/* Begin PBXTargetDependency section */
		01EE4D5117A6D0D60088280E /* PBXTargetDependency */ = {
			isa = PBXTargetDependency;
			target = 01EE4D2917A6D0D60088280E /* segmentControlDemo */;
			targetProxy = 01EE4D5017A6D0D60088280E /* PBXContainerItemProxy */;
		};
/* End PBXTargetDependency section */

/* Begin PBXVariantGroup section */
		01EE4D3617A6D0D60088280E /* InfoPlist.strings */ = {
			isa = PBXVariantGroup;
			children = (
				01EE4D3717A6D0D60088280E /* en */,
			);
			name = InfoPlist.strings;
			sourceTree = "<group>";
		};
		01EE4D3F17A6D0D60088280E /* Main.storyboard */ = {
			isa = PBXVariantGroup;
			children = (
				01EE4D4017A6D0D60088280E /* Base */,
			);
			name = Main.storyboard;
			sourceTree = "<group>";
		};
		01EE4D5517A6D0D60088280E /* InfoPlist.strings */ = {
			isa = PBXVariantGroup;
			children = (
				01EE4D5617A6D0D60088280E /* en */,
			);
			name = InfoPlist.strings;
			sourceTree = "<group>";
		};
/* End PBXVariantGroup section */

/* Begin XCBuildConfiguration section */
		01EE4D5A17A6D0D60088280E /* Debug */ = {
			isa = XCBuildConfiguration;
			buildSettings = {
				ALWAYS_SEARCH_USER_PATHS = NO;
				CLANG_CXX_LANGUAGE_STANDARD = "gnu++0x";
				CLANG_CXX_LIBRARY = "libc++";
				CLANG_ENABLE_MODULES = YES;
				CLANG_ENABLE_OBJC_ARC = YES;
				CLANG_WARN_BOOL_CONVERSION = YES;
				CLANG_WARN_CONSTANT_CONVERSION = YES;
				CLANG_WARN_DIRECT_OBJC_ISA_USAGE = YES_ERROR;
				CLANG_WARN_EMPTY_BODY = YES;
				CLANG_WARN_ENUM_CONVERSION = YES;
				CLANG_WARN_INT_CONVERSION = YES;
				CLANG_WARN_OBJC_ROOT_CLASS = YES_ERROR;
				CLANG_WARN__DUPLICATE_METHOD_MATCH = YES;
				"CODE_SIGN_IDENTITY[sdk=iphoneos*]" = "iPhone Developer";
				COPY_PHASE_STRIP = NO;
				GCC_C_LANGUAGE_STANDARD = gnu99;
				GCC_DYNAMIC_NO_PIC = NO;
				GCC_OPTIMIZATION_LEVEL = 0;
				GCC_PREPROCESSOR_DEFINITIONS = (
					"DEBUG=1",
					"$(inherited)",
				);
				GCC_SYMBOLS_PRIVATE_EXTERN = NO;
				GCC_WARN_ABOUT_RETURN_TYPE = YES_ERROR;
				GCC_WARN_UNDECLARED_SELECTOR = YES;
				GCC_WARN_UNINITIALIZED_AUTOS = YES;
				GCC_WARN_UNUSED_FUNCTION = YES;
				GCC_WARN_UNUSED_VARIABLE = YES;
				IPHONEOS_DEPLOYMENT_TARGET = 7.0;
				ONLY_ACTIVE_ARCH = YES;
				SDKROOT = iphoneos;
			};
			name = Debug;
		};
		01EE4D5B17A6D0D60088280E /* Release */ = {
			isa = XCBuildConfiguration;
			buildSettings = {
				ALWAYS_SEARCH_USER_PATHS = NO;
				CLANG_CXX_LANGUAGE_STANDARD = "gnu++0x";
				CLANG_CXX_LIBRARY = "libc++";
				CLANG_ENABLE_MODULES = YES;
				CLANG_ENABLE_OBJC_ARC = YES;
				CLANG_WARN_BOOL_CONVERSION = YES;
				CLANG_WARN_CONSTANT_CONVERSION = YES;
				CLANG_WARN_DIRECT_OBJC_ISA_USAGE = YES_ERROR;
				CLANG_WARN_EMPTY_BODY = YES;
				CLANG_WARN_ENUM_CONVERSION = YES;
				CLANG_WARN_INT_CONVERSION = YES;
				CLANG_WARN_OBJC_ROOT_CLASS = YES_ERROR;
				CLANG_WARN__DUPLICATE_METHOD_MATCH = YES;
				"CODE_SIGN_IDENTITY[sdk=iphoneos*]" = "iPhone Developer";
				COPY_PHASE_STRIP = YES;
				ENABLE_NS_ASSERTIONS = NO;
				GCC_C_LANGUAGE_STANDARD = gnu99;
				GCC_WARN_ABOUT_RETURN_TYPE = YES_ERROR;
				GCC_WARN_UNDECLARED_SELECTOR = YES;
				GCC_WARN_UNINITIALIZED_AUTOS = YES;
				GCC_WARN_UNUSED_FUNCTION = YES;
				GCC_WARN_UNUSED_VARIABLE = YES;
				IPHONEOS_DEPLOYMENT_TARGET = 7.0;
				SDKROOT = iphoneos;
				VALIDATE_PRODUCT = YES;
			};
			name = Release;
		};
		01EE4D5D17A6D0D60088280E /* Debug */ = {
			isa = XCBuildConfiguration;
			buildSettings = {
				ASSETCATALOG_COMPILER_APPICON_NAME = AppIcon;
				ASSETCATALOG_COMPILER_LAUNCHIMAGE_NAME = LaunchImage;
				GCC_PRECOMPILE_PREFIX_HEADER = YES;
				GCC_PREFIX_HEADER = "segmentControlDemo/segmentControlDemo-Prefix.pch";
				INFOPLIST_FILE = "segmentControlDemo/segmentControlDemo-Info.plist";
				PRODUCT_NAME = "$(TARGET_NAME)";
				WRAPPER_EXTENSION = app;
			};
			name = Debug;
		};
		01EE4D5E17A6D0D60088280E /* Release */ = {
			isa = XCBuildConfiguration;
			buildSettings = {
				ASSETCATALOG_COMPILER_APPICON_NAME = AppIcon;
				ASSETCATALOG_COMPILER_LAUNCHIMAGE_NAME = LaunchImage;
				GCC_PRECOMPILE_PREFIX_HEADER = YES;
				GCC_PREFIX_HEADER = "segmentControlDemo/segmentControlDemo-Prefix.pch";
				INFOPLIST_FILE = "segmentControlDemo/segmentControlDemo-Info.plist";
				PRODUCT_NAME = "$(TARGET_NAME)";
				WRAPPER_EXTENSION = app;
			};
			name = Release;
		};
		01EE4D6017A6D0D60088280E /* Debug */ = {
			isa = XCBuildConfiguration;
			buildSettings = {
				BUNDLE_LOADER = "$(BUILT_PRODUCTS_DIR)/segmentControlDemo.app/segmentControlDemo";
				FRAMEWORK_SEARCH_PATHS = (
					"$(SDKROOT)/Developer/Library/Frameworks",
					"$(inherited)",
					"$(SYSTEM_APPS_DIR)/Xcode5-DP3.app/Contents/Developer/Library/Frameworks",
				);
				GCC_PRECOMPILE_PREFIX_HEADER = YES;
				GCC_PREFIX_HEADER = "segmentControlDemo/segmentControlDemo-Prefix.pch";
				GCC_PREPROCESSOR_DEFINITIONS = (
					"DEBUG=1",
					"$(inherited)",
				);
				INFOPLIST_FILE = "segmentControlDemoTests/segmentControlDemoTests-Info.plist";
				PRODUCT_NAME = "$(TARGET_NAME)";
				TEST_HOST = "$(BUNDLE_LOADER)";
				WRAPPER_EXTENSION = xctest;
			};
			name = Debug;
		};
		01EE4D6117A6D0D60088280E /* Release */ = {
			isa = XCBuildConfiguration;
			buildSettings = {
				BUNDLE_LOADER = "$(BUILT_PRODUCTS_DIR)/segmentControlDemo.app/segmentControlDemo";
				FRAMEWORK_SEARCH_PATHS = (
					"$(SDKROOT)/Developer/Library/Frameworks",
					"$(inherited)",
					"$(SYSTEM_APPS_DIR)/Xcode5-DP3.app/Contents/Developer/Library/Frameworks",
				);
				GCC_PRECOMPILE_PREFIX_HEADER = YES;
				GCC_PREFIX_HEADER = "segmentControlDemo/segmentControlDemo-Prefix.pch";
				INFOPLIST_FILE = "segmentControlDemoTests/segmentControlDemoTests-Info.plist";
				PRODUCT_NAME = "$(TARGET_NAME)";
				TEST_HOST = "$(BUNDLE_LOADER)";
				WRAPPER_EXTENSION = xctest;
			};
			name = Release;
		};
/* End XCBuildConfiguration section */

/* Begin XCConfigurationList section */
		01EE4D2517A6D0D60088280E /* Build configuration list for PBXProject "segmentControlDemo" */ = {
			isa = XCConfigurationList;
			buildConfigurations = (
				01EE4D5A17A6D0D60088280E /* Debug */,
				01EE4D5B17A6D0D60088280E /* Release */,
			);
			defaultConfigurationIsVisible = 0;
			defaultConfigurationName = Release;
		};
		01EE4D5C17A6D0D60088280E /* Build configuration list for PBXNativeTarget "segmentControlDemo" */ = {
			isa = XCConfigurationList;
			buildConfigurations = (
				01EE4D5D17A6D0D60088280E /* Debug */,
				01EE4D5E17A6D0D60088280E /* Release */,
			);
			defaultConfigurationIsVisible = 0;
		};
		01EE4D5F17A6D0D60088280E /* Build configuration list for PBXNativeTarget "segmentControlDemoTests" */ = {
			isa = XCConfigurationList;
			buildConfigurations = (
				01EE4D6017A6D0D60088280E /* Debug */,
				01EE4D6117A6D0D60088280E /* Release */,
			);
			defaultConfigurationIsVisible = 0;
		};
/* End XCConfigurationList section */
	};
	rootObject = 01EE4D2217A6D0D60088280E /* Project object */;
}
