// !$*UTF8*$!
{
	archiveVersion = 1;
	classes = {
	};
	objectVersion = 46;
	objects = {

/* Begin PBXBuildFile section */
		01EBF22617A7342800B75D52 /* Foundation.framework in Frameworks */ = {isa = PBXBuildFile; fileRef = 01EBF22517A7342800B75D52 /* Foundation.framework */; };
		01EBF22817A7342800B75D52 /* CoreGraphics.framework in Frameworks */ = {isa = PBXBuildFile; fileRef = 01EBF22717A7342800B75D52 /* CoreGraphics.framework */; };
		01EBF22A17A7342800B75D52 /* UIKit.framework in Frameworks */ = {isa = PBXBuildFile; fileRef = 01EBF22917A7342800B75D52 /* UIKit.framework */; };
		01EBF23017A7342800B75D52 /* InfoPlist.strings in Resources */ = {isa = PBXBuildFile; fileRef = 01EBF22E17A7342800B75D52 /* InfoPlist.strings */; };
		01EBF23217A7342800B75D52 /* main.m in Sources */ = {isa = PBXBuildFile; fileRef = 01EBF23117A7342800B75D52 /* main.m */; };
		01EBF23617A7342800B75D52 /* AppDelegate.m in Sources */ = {isa = PBXBuildFile; fileRef = 01EBF23517A7342800B75D52 /* AppDelegate.m */; };
		01EBF23917A7342800B75D52 /* Main.storyboard in Resources */ = {isa = PBXBuildFile; fileRef = 01EBF23717A7342800B75D52 /* Main.storyboard */; };
		01EBF23C17A7342800B75D52 /* ViewController.m in Sources */ = {isa = PBXBuildFile; fileRef = 01EBF23B17A7342800B75D52 /* ViewController.m */; };
		01EBF23E17A7342800B75D52 /* Images.xcassets in Resources */ = {isa = PBXBuildFile; fileRef = 01EBF23D17A7342800B75D52 /* Images.xcassets */; };
		01EBF24517A7342800B75D52 /* XCTest.framework in Frameworks */ = {isa = PBXBuildFile; fileRef = 01EBF24417A7342800B75D52 /* XCTest.framework */; };
		01EBF24617A7342800B75D52 /* Foundation.framework in Frameworks */ = {isa = PBXBuildFile; fileRef = 01EBF22517A7342800B75D52 /* Foundation.framework */; };
		01EBF24717A7342800B75D52 /* UIKit.framework in Frameworks */ = {isa = PBXBuildFile; fileRef = 01EBF22917A7342800B75D52 /* UIKit.framework */; };
		01EBF24F17A7342800B75D52 /* InfoPlist.strings in Resources */ = {isa = PBXBuildFile; fileRef = 01EBF24D17A7342800B75D52 /* InfoPlist.strings */; };
		01EBF25117A7342800B75D52 /* stepperControlDemoTests.m in Sources */ = {isa = PBXBuildFile; fileRef = 01EBF25017A7342800B75D52 /* stepperControlDemoTests.m */; };
/* End PBXBuildFile section */

/* Begin PBXContainerItemProxy section */
		01EBF24817A7342800B75D52 /* PBXContainerItemProxy */ = {
			isa = PBXContainerItemProxy;
			containerPortal = 01EBF21A17A7342800B75D52 /* Project object */;
			proxyType = 1;
			remoteGlobalIDString = 01EBF22117A7342800B75D52;
			remoteInfo = stepperControlDemo;
		};
/* End PBXContainerItemProxy section */

/* Begin PBXFileReference section */
		01EBF22217A7342800B75D52 /* stepperControlDemo.app */ = {isa = PBXFileReference; explicitFileType = wrapper.application; includeInIndex = 0; path = stepperControlDemo.app; sourceTree = BUILT_PRODUCTS_DIR; };
		01EBF22517A7342800B75D52 /* Foundation.framework */ = {isa = PBXFileReference; lastKnownFileType = wrapper.framework; name = Foundation.framework; path = System/Library/Frameworks/Foundation.framework; sourceTree = SDKROOT; };
		01EBF22717A7342800B75D52 /* CoreGraphics.framework */ = {isa = PBXFileReference; lastKnownFileType = wrapper.framework; name = CoreGraphics.framework; path = System/Library/Frameworks/CoreGraphics.framework; sourceTree = SDKROOT; };
		01EBF22917A7342800B75D52 /* UIKit.framework */ = {isa = PBXFileReference; lastKnownFileType = wrapper.framework; name = UIKit.framework; path = System/Library/Frameworks/UIKit.framework; sourceTree = SDKROOT; };
		01EBF22D17A7342800B75D52 /* stepperControlDemo-Info.plist */ = {isa = PBXFileReference; lastKnownFileType = text.plist.xml; path = "stepperControlDemo-Info.plist"; sourceTree = "<group>"; };
		01EBF22F17A7342800B75D52 /* en */ = {isa = PBXFileReference; lastKnownFileType = text.plist.strings; name = en; path = en.lproj/InfoPlist.strings; sourceTree = "<group>"; };
		01EBF23117A7342800B75D52 /* main.m */ = {isa = PBXFileReference; lastKnownFileType = sourcecode.c.objc; path = main.m; sourceTree = "<group>"; };
		01EBF23317A7342800B75D52 /* stepperControlDemo-Prefix.pch */ = {isa = PBXFileReference; lastKnownFileType = sourcecode.c.h; path = "stepperControlDemo-Prefix.pch"; sourceTree = "<group>"; };
		01EBF23417A7342800B75D52 /* AppDelegate.h */ = {isa = PBXFileReference; lastKnownFileType = sourcecode.c.h; path = AppDelegate.h; sourceTree = "<group>"; };
		01EBF23517A7342800B75D52 /* AppDelegate.m */ = {isa = PBXFileReference; lastKnownFileType = sourcecode.c.objc; path = AppDelegate.m; sourceTree = "<group>"; };
		01EBF23817A7342800B75D52 /* Base */ = {isa = PBXFileReference; lastKnownFileType = file.storyboard; name = Base; path = Base.lproj/Main.storyboard; sourceTree = "<group>"; };
		01EBF23A17A7342800B75D52 /* ViewController.h */ = {isa = PBXFileReference; lastKnownFileType = sourcecode.c.h; path = ViewController.h; sourceTree = "<group>"; };
		01EBF23B17A7342800B75D52 /* ViewController.m */ = {isa = PBXFileReference; lastKnownFileType = sourcecode.c.objc; path = ViewController.m; sourceTree = "<group>"; };
		01EBF23D17A7342800B75D52 /* Images.xcassets */ = {isa = PBXFileReference; lastKnownFileType = folder.assetcatalog; path = Images.xcassets; sourceTree = "<group>"; };
		01EBF24317A7342800B75D52 /* stepperControlDemoTests.xctest */ = {isa = PBXFileReference; explicitFileType = wrapper.cfbundle; includeInIndex = 0; path = stepperControlDemoTests.xctest; sourceTree = BUILT_PRODUCTS_DIR; };
		01EBF24417A7342800B75D52 /* XCTest.framework */ = {isa = PBXFileReference; lastKnownFileType = wrapper.framework; name = XCTest.framework; path = Library/Frameworks/XCTest.framework; sourceTree = DEVELOPER_DIR; };
		01EBF24C17A7342800B75D52 /* stepperControlDemoTests-Info.plist */ = {isa = PBXFileReference; lastKnownFileType = text.plist.xml; path = "stepperControlDemoTests-Info.plist"; sourceTree = "<group>"; };
		01EBF24E17A7342800B75D52 /* en */ = {isa = PBXFileReference; lastKnownFileType = text.plist.strings; name = en; path = en.lproj/InfoPlist.strings; sourceTree = "<group>"; };
		01EBF25017A7342800B75D52 /* stepperControlDemoTests.m */ = {isa = PBXFileReference; lastKnownFileType = sourcecode.c.objc; path = stepperControlDemoTests.m; sourceTree = "<group>"; };
/* End PBXFileReference section */

/* Begin PBXFrameworksBuildPhase section */
		01EBF21F17A7342800B75D52 /* Frameworks */ = {
			isa = PBXFrameworksBuildPhase;
			buildActionMask = 2147483647;
			files = (
				01EBF22817A7342800B75D52 /* CoreGraphics.framework in Frameworks */,
				01EBF22A17A7342800B75D52 /* UIKit.framework in Frameworks */,
				01EBF22617A7342800B75D52 /* Foundation.framework in Frameworks */,
			);
			runOnlyForDeploymentPostprocessing = 0;
		};
		01EBF24017A7342800B75D52 /* Frameworks */ = {
			isa = PBXFrameworksBuildPhase;
			buildActionMask = 2147483647;
			files = (
				01EBF24517A7342800B75D52 /* XCTest.framework in Frameworks */,
				01EBF24717A7342800B75D52 /* UIKit.framework in Frameworks */,
				01EBF24617A7342800B75D52 /* Foundation.framework in Frameworks */,
			);
			runOnlyForDeploymentPostprocessing = 0;
		};
/* End PBXFrameworksBuildPhase section */

/* Begin PBXGroup section */
		01EBF21917A7342800B75D52 = {
			isa = PBXGroup;
			children = (
				01EBF22B17A7342800B75D52 /* stepperControlDemo */,
				01EBF24A17A7342800B75D52 /* stepperControlDemoTests */,
				01EBF22417A7342800B75D52 /* Frameworks */,
				01EBF22317A7342800B75D52 /* Products */,
			);
			sourceTree = "<group>";
		};
		01EBF22317A7342800B75D52 /* Products */ = {
			isa = PBXGroup;
			children = (
				01EBF22217A7342800B75D52 /* stepperControlDemo.app */,
				01EBF24317A7342800B75D52 /* stepperControlDemoTests.xctest */,
			);
			name = Products;
			sourceTree = "<group>";
		};
		01EBF22417A7342800B75D52 /* Frameworks */ = {
			isa = PBXGroup;
			children = (
				01EBF22517A7342800B75D52 /* Foundation.framework */,
				01EBF22717A7342800B75D52 /* CoreGraphics.framework */,
				01EBF22917A7342800B75D52 /* UIKit.framework */,
				01EBF24417A7342800B75D52 /* XCTest.framework */,
			);
			name = Frameworks;
			sourceTree = "<group>";
		};
		01EBF22B17A7342800B75D52 /* stepperControlDemo */ = {
			isa = PBXGroup;
			children = (
				01EBF23417A7342800B75D52 /* AppDelegate.h */,
				01EBF23517A7342800B75D52 /* AppDelegate.m */,
				01EBF23717A7342800B75D52 /* Main.storyboard */,
				01EBF23A17A7342800B75D52 /* ViewController.h */,
				01EBF23B17A7342800B75D52 /* ViewController.m */,
				01EBF23D17A7342800B75D52 /* Images.xcassets */,
				01EBF22C17A7342800B75D52 /* Supporting Files */,
			);
			path = stepperControlDemo;
			sourceTree = "<group>";
		};
		01EBF22C17A7342800B75D52 /* Supporting Files */ = {
			isa = PBXGroup;
			children = (
				01EBF22D17A7342800B75D52 /* stepperControlDemo-Info.plist */,
				01EBF22E17A7342800B75D52 /* InfoPlist.strings */,
				01EBF23117A7342800B75D52 /* main.m */,
				01EBF23317A7342800B75D52 /* stepperControlDemo-Prefix.pch */,
			);
			name = "Supporting Files";
			sourceTree = "<group>";
		};
		01EBF24A17A7342800B75D52 /* stepperControlDemoTests */ = {
			isa = PBXGroup;
			children = (
				01EBF25017A7342800B75D52 /* stepperControlDemoTests.m */,
				01EBF24B17A7342800B75D52 /* Supporting Files */,
			);
			path = stepperControlDemoTests;
			sourceTree = "<group>";
		};
		01EBF24B17A7342800B75D52 /* Supporting Files */ = {
			isa = PBXGroup;
			children = (
				01EBF24C17A7342800B75D52 /* stepperControlDemoTests-Info.plist */,
				01EBF24D17A7342800B75D52 /* InfoPlist.strings */,
			);
			name = "Supporting Files";
			sourceTree = "<group>";
		};
/* End PBXGroup section */

/* Begin PBXNativeTarget section */
		01EBF22117A7342800B75D52 /* stepperControlDemo */ = {
			isa = PBXNativeTarget;
			buildConfigurationList = 01EBF25417A7342800B75D52 /* Build configuration list for PBXNativeTarget "stepperControlDemo" */;
			buildPhases = (
				01EBF21E17A7342800B75D52 /* Sources */,
				01EBF21F17A7342800B75D52 /* Frameworks */,
				01EBF22017A7342800B75D52 /* Resources */,
			);
			buildRules = (
			);
			dependencies = (
			);
			name = stepperControlDemo;
			productName = stepperControlDemo;
			productReference = 01EBF22217A7342800B75D52 /* stepperControlDemo.app */;
			productType = "com.apple.product-type.application";
		};
		01EBF24217A7342800B75D52 /* stepperControlDemoTests */ = {
			isa = PBXNativeTarget;
			buildConfigurationList = 01EBF25717A7342800B75D52 /* Build configuration list for PBXNativeTarget "stepperControlDemoTests" */;
			buildPhases = (
				01EBF23F17A7342800B75D52 /* Sources */,
				01EBF24017A7342800B75D52 /* Frameworks */,
				01EBF24117A7342800B75D52 /* Resources */,
			);
			buildRules = (
			);
			dependencies = (
				01EBF24917A7342800B75D52 /* PBXTargetDependency */,
			);
			name = stepperControlDemoTests;
			productName = stepperControlDemoTests;
			productReference = 01EBF24317A7342800B75D52 /* stepperControlDemoTests.xctest */;
			productType = "com.apple.product-type.bundle.unit-test";
		};
/* End PBXNativeTarget section */

/* Begin PBXProject section */
		01EBF21A17A7342800B75D52 /* Project object */ = {
			isa = PBXProject;
			attributes = {
				LastUpgradeCheck = 0500;
				ORGANIZATIONNAME = "Laurence Moroney";
				TargetAttributes = {
					01EBF24217A7342800B75D52 = {
						TestTargetID = 01EBF22117A7342800B75D52;
					};
				};
			};
			buildConfigurationList = 01EBF21D17A7342800B75D52 /* Build configuration list for PBXProject "stepperControlDemo" */;
			compatibilityVersion = "Xcode 3.2";
			developmentRegion = English;
			hasScannedForEncodings = 0;
			knownRegions = (
				en,
				Base,
			);
			mainGroup = 01EBF21917A7342800B75D52;
			productRefGroup = 01EBF22317A7342800B75D52 /* Products */;
			projectDirPath = "";
			projectRoot = "";
			targets = (
				01EBF22117A7342800B75D52 /* stepperControlDemo */,
				01EBF24217A7342800B75D52 /* stepperControlDemoTests */,
			);
		};
/* End PBXProject section */

/* Begin PBXResourcesBuildPhase section */
		01EBF22017A7342800B75D52 /* Resources */ = {
			isa = PBXResourcesBuildPhase;
			buildActionMask = 2147483647;
			files = (
				01EBF23E17A7342800B75D52 /* Images.xcassets in Resources */,
				01EBF23017A7342800B75D52 /* InfoPlist.strings in Resources */,
				01EBF23917A7342800B75D52 /* Main.storyboard in Resources */,
			);
			runOnlyForDeploymentPostprocessing = 0;
		};
		01EBF24117A7342800B75D52 /* Resources */ = {
			isa = PBXResourcesBuildPhase;
			buildActionMask = 2147483647;
			files = (
				01EBF24F17A7342800B75D52 /* InfoPlist.strings in Resources */,
			);
			runOnlyForDeploymentPostprocessing = 0;
		};
/* End PBXResourcesBuildPhase section */

/* Begin PBXSourcesBuildPhase section */
		01EBF21E17A7342800B75D52 /* Sources */ = {
			isa = PBXSourcesBuildPhase;
			buildActionMask = 2147483647;
			files = (
				01EBF23C17A7342800B75D52 /* ViewController.m in Sources */,
				01EBF23617A7342800B75D52 /* AppDelegate.m in Sources */,
				01EBF23217A7342800B75D52 /* main.m in Sources */,
			);
			runOnlyForDeploymentPostprocessing = 0;
		};
		01EBF23F17A7342800B75D52 /* Sources */ = {
			isa = PBXSourcesBuildPhase;
			buildActionMask = 2147483647;
			files = (
				01EBF25117A7342800B75D52 /* stepperControlDemoTests.m in Sources */,
			);
			runOnlyForDeploymentPostprocessing = 0;
		};
/* End PBXSourcesBuildPhase section */

/* Begin PBXTargetDependency section */
		01EBF24917A7342800B75D52 /* PBXTargetDependency */ = {
			isa = PBXTargetDependency;
			target = 01EBF22117A7342800B75D52 /* stepperControlDemo */;
			targetProxy = 01EBF24817A7342800B75D52 /* PBXContainerItemProxy */;
		};
/* End PBXTargetDependency section */

/* Begin PBXVariantGroup section */
		01EBF22E17A7342800B75D52 /* InfoPlist.strings */ = {
			isa = PBXVariantGroup;
			children = (
				01EBF22F17A7342800B75D52 /* en */,
			);
			name = InfoPlist.strings;
			sourceTree = "<group>";
		};
		01EBF23717A7342800B75D52 /* Main.storyboard */ = {
			isa = PBXVariantGroup;
			children = (
				01EBF23817A7342800B75D52 /* Base */,
			);
			name = Main.storyboard;
			sourceTree = "<group>";
		};
		01EBF24D17A7342800B75D52 /* InfoPlist.strings */ = {
			isa = PBXVariantGroup;
			children = (
				01EBF24E17A7342800B75D52 /* en */,
			);
			name = InfoPlist.strings;
			sourceTree = "<group>";
		};
/* End PBXVariantGroup section */

/* Begin XCBuildConfiguration section */
		01EBF25217A7342800B75D52 /* Debug */ = {
			isa = XCBuildConfiguration;
			buildSettings = {
				ALWAYS_SEARCH_USER_PATHS = NO;
				CLANG_CXX_LANGUAGE_STANDARD = "gnu++0x";
				CLANG_CXX_LIBRARY = "libc++";
				CLANG_ENABLE_MODULES = YES;
				CLANG_ENABLE_OBJC_ARC = YES;
				CLANG_WARN_BOOL_CONVERSION = YES;
				CLANG_WARN_CONSTANT_CONVERSION = YES;
				CLANG_WARN_DIRECT_OBJC_ISA_USAGE = YES_ERROR;
				CLANG_WARN_EMPTY_BODY = YES;
				CLANG_WARN_ENUM_CONVERSION = YES;
				CLANG_WARN_INT_CONVERSION = YES;
				CLANG_WARN_OBJC_ROOT_CLASS = YES_ERROR;
				CLANG_WARN__DUPLICATE_METHOD_MATCH = YES;
				"CODE_SIGN_IDENTITY[sdk=iphoneos*]" = "iPhone Developer";
				COPY_PHASE_STRIP = NO;
				GCC_C_LANGUAGE_STANDARD = gnu99;
				GCC_DYNAMIC_NO_PIC = NO;
				GCC_OPTIMIZATION_LEVEL = 0;
				GCC_PREPROCESSOR_DEFINITIONS = (
					"DEBUG=1",
					"$(inherited)",
				);
				GCC_SYMBOLS_PRIVATE_EXTERN = NO;
				GCC_WARN_ABOUT_RETURN_TYPE = YES_ERROR;
				GCC_WARN_UNDECLARED_SELECTOR = YES;
				GCC_WARN_UNINITIALIZED_AUTOS = YES;
				GCC_WARN_UNUSED_FUNCTION = YES;
				GCC_WARN_UNUSED_VARIABLE = YES;
				IPHONEOS_DEPLOYMENT_TARGET = 7.0;
				ONLY_ACTIVE_ARCH = YES;
				SDKROOT = iphoneos;
			};
			name = Debug;
		};
		01EBF25317A7342800B75D52 /* Release */ = {
			isa = XCBuildConfiguration;
			buildSettings = {
				ALWAYS_SEARCH_USER_PATHS = NO;
				CLANG_CXX_LANGUAGE_STANDARD = "gnu++0x";
				CLANG_CXX_LIBRARY = "libc++";
				CLANG_ENABLE_MODULES = YES;
				CLANG_ENABLE_OBJC_ARC = YES;
				CLANG_WARN_BOOL_CONVERSION = YES;
				CLANG_WARN_CONSTANT_CONVERSION = YES;
				CLANG_WARN_DIRECT_OBJC_ISA_USAGE = YES_ERROR;
				CLANG_WARN_EMPTY_BODY = YES;
				CLANG_WARN_ENUM_CONVERSION = YES;
				CLANG_WARN_INT_CONVERSION = YES;
				CLANG_WARN_OBJC_ROOT_CLASS = YES_ERROR;
				CLANG_WARN__DUPLICATE_METHOD_MATCH = YES;
				"CODE_SIGN_IDENTITY[sdk=iphoneos*]" = "iPhone Developer";
				COPY_PHASE_STRIP = YES;
				ENABLE_NS_ASSERTIONS = NO;
				GCC_C_LANGUAGE_STANDARD = gnu99;
				GCC_WARN_ABOUT_RETURN_TYPE = YES_ERROR;
				GCC_WARN_UNDECLARED_SELECTOR = YES;
				GCC_WARN_UNINITIALIZED_AUTOS = YES;
				GCC_WARN_UNUSED_FUNCTION = YES;
				GCC_WARN_UNUSED_VARIABLE = YES;
				IPHONEOS_DEPLOYMENT_TARGET = 7.0;
				SDKROOT = iphoneos;
				VALIDATE_PRODUCT = YES;
			};
			name = Release;
		};
		01EBF25517A7342800B75D52 /* Debug */ = {
			isa = XCBuildConfiguration;
			buildSettings = {
				ASSETCATALOG_COMPILER_APPICON_NAME = AppIcon;
				ASSETCATALOG_COMPILER_LAUNCHIMAGE_NAME = LaunchImage;
				GCC_PRECOMPILE_PREFIX_HEADER = YES;
				GCC_PREFIX_HEADER = "stepperControlDemo/stepperControlDemo-Prefix.pch";
				INFOPLIST_FILE = "stepperControlDemo/stepperControlDemo-Info.plist";
				PRODUCT_NAME = "$(TARGET_NAME)";
				WRAPPER_EXTENSION = app;
			};
			name = Debug;
		};
		01EBF25617A7342800B75D52 /* Release */ = {
			isa = XCBuildConfiguration;
			buildSettings = {
				ASSETCATALOG_COMPILER_APPICON_NAME = AppIcon;
				ASSETCATALOG_COMPILER_LAUNCHIMAGE_NAME = LaunchImage;
				GCC_PRECOMPILE_PREFIX_HEADER = YES;
				GCC_PREFIX_HEADER = "stepperControlDemo/stepperControlDemo-Prefix.pch";
				INFOPLIST_FILE = "stepperControlDemo/stepperControlDemo-Info.plist";
				PRODUCT_NAME = "$(TARGET_NAME)";
				WRAPPER_EXTENSION = app;
			};
			name = Release;
		};
		01EBF25817A7342800B75D52 /* Debug */ = {
			isa = XCBuildConfiguration;
			buildSettings = {
				BUNDLE_LOADER = "$(BUILT_PRODUCTS_DIR)/stepperControlDemo.app/stepperControlDemo";
				FRAMEWORK_SEARCH_PATHS = (
					"$(SDKROOT)/Developer/Library/Frameworks",
					"$(inherited)",
					"$(DEVELOPER_FRAMEWORKS_DIR)",
				);
				GCC_PRECOMPILE_PREFIX_HEADER = YES;
				GCC_PREFIX_HEADER = "stepperControlDemo/stepperControlDemo-Prefix.pch";
				GCC_PREPROCESSOR_DEFINITIONS = (
					"DEBUG=1",
					"$(inherited)",
				);
				INFOPLIST_FILE = "stepperControlDemoTests/stepperControlDemoTests-Info.plist";
				PRODUCT_NAME = "$(TARGET_NAME)";
				TEST_HOST = "$(BUNDLE_LOADER)";
				WRAPPER_EXTENSION = xctest;
			};
			name = Debug;
		};
		01EBF25917A7342800B75D52 /* Release */ = {
			isa = XCBuildConfiguration;
			buildSettings = {
				BUNDLE_LOADER = "$(BUILT_PRODUCTS_DIR)/stepperControlDemo.app/stepperControlDemo";
				FRAMEWORK_SEARCH_PATHS = (
					"$(SDKROOT)/Developer/Library/Frameworks",
					"$(inherited)",
					"$(DEVELOPER_FRAMEWORKS_DIR)",
				);
				GCC_PRECOMPILE_PREFIX_HEADER = YES;
				GCC_PREFIX_HEADER = "stepperControlDemo/stepperControlDemo-Prefix.pch";
				INFOPLIST_FILE = "stepperControlDemoTests/stepperControlDemoTests-Info.plist";
				PRODUCT_NAME = "$(TARGET_NAME)";
				TEST_HOST = "$(BUNDLE_LOADER)";
				WRAPPER_EXTENSION = xctest;
			};
			name = Release;
		};
/* End XCBuildConfiguration section */

/* Begin XCConfigurationList section */
		01EBF21D17A7342800B75D52 /* Build configuration list for PBXProject "stepperControlDemo" */ = {
			isa = XCConfigurationList;
			buildConfigurations = (
				01EBF25217A7342800B75D52 /* Debug */,
				01EBF25317A7342800B75D52 /* Release */,
			);
			defaultConfigurationIsVisible = 0;
			defaultConfigurationName = Release;
		};
		01EBF25417A7342800B75D52 /* Build configuration list for PBXNativeTarget "stepperControlDemo" */ = {
			isa = XCConfigurationList;
			buildConfigurations = (
				01EBF25517A7342800B75D52 /* Debug */,
				01EBF25617A7342800B75D52 /* Release */,
			);
			defaultConfigurationIsVisible = 0;
		};
		01EBF25717A7342800B75D52 /* Build configuration list for PBXNativeTarget "stepperControlDemoTests" */ = {
			isa = XCConfigurationList;
			buildConfigurations = (
				01EBF25817A7342800B75D52 /* Debug */,
				01EBF25917A7342800B75D52 /* Release */,
			);
			defaultConfigurationIsVisible = 0;
		};
/* End XCConfigurationList section */
	};
	rootObject = 01EBF21A17A7342800B75D52 /* Project object */;
}
